
Microsoft Visual Studio Solution File, Format Version 12.00
# Visual Studio 15
Project("{FAE04EC0-301F-11D3-BF4B-00C04F79EFBC}") = "Unity.AI.Navigation.Samples", "Unity.AI.Navigation.Samples.csproj", "{F98CFF9E-2CB8-3AC0-A4C0-606794C27EE9}"
EndProject
Project("{FAE04EC0-301F-11D3-BF4B-00C04F79EFBC}") = "Unity.AI.Navigation.Samples.Initialization.Editor", "Unity.AI.Navigation.Samples.Initialization.Editor.csproj", "{3A3EDC9D-936B-C2E6-7023-AE396A5F7292}"
EndProject
Global
	GlobalSection(SolutionConfigurationPlatforms) = preSolution
		Debug|Any CPU = Debug|Any CPU
		Release|Any CPU = Release|Any CPU
	EndGlobalSection
	GlobalSection(ProjectConfigurationPlatforms) = postSolution
		{F98CFF9E-2CB8-3AC0-A4C0-606794C27EE9}.Debug|Any CPU.ActiveCfg = Debug|Any CPU
		{F98CFF9E-2CB8-3AC0-A4C0-606794C27EE9}.Debug|Any CPU.Build.0 = Debug|Any CPU
		{F98CFF9E-2CB8-3AC0-A4C0-606794C27EE9}.Release|Any CPU.ActiveCfg = Release|Any CPU
		{F98CFF9E-2CB8-3AC0-A4C0-606794C27EE9}.Release|Any CPU.Build.0 = Release|Any CPU
		{3A3EDC9D-936B-C2E6-7023-AE396A5F7292}.Debug|Any CPU.ActiveCfg = Debug|Any CPU
		{3A3EDC9D-936B-C2E6-7023-AE396A5F7292}.Debug|Any CPU.Build.0 = Debug|Any CPU
		{3A3EDC9D-936B-C2E6-7023-AE396A5F7292}.Release|Any CPU.ActiveCfg = Release|Any CPU
		{3A3EDC9D-936B-C2E6-7023-AE396A5F7292}.Release|Any CPU.Build.0 = Release|Any CPU
	EndGlobalSection
	GlobalSection(SolutionProperties) = preSolution
		HideSolutionNode = FALSE
	EndGlobalSection
EndGlobal
